
Microsoft Visual Studio Solution File, Format Version 12.00
# Visual Studio 15
VisualStudioVersion = 15.0.28307.1145
MinimumVisualStudioVersion = 10.0.40219.1
Project("{FAE04EC0-301F-11D3-BF4B-00C04F79EFBC}") = "ui_is_for_assholes", "ui_is_for_assholes\ui_is_for_assholes.csproj", "{F46CEFC3-4EE0-4890-9600-A35B69AE325C}"
EndProject
Project("{FAE04EC0-301F-11D3-BF4B-00C04F79EFBC}") = "WpfApp1", "WpfApp1\WpfApp1.csproj", "{D8402A6E-63AE-4280-8D29-47E7D2283020}"
	ProjectSection(ProjectDependencies) = postProject
		{AD97EF0A-65B8-4928-92F0-DF2281166A69} = {AD97EF0A-65B8-4928-92F0-DF2281166A69}
	EndProjectSection
EndProject
Project("{8BC9CEB8-8B4A-11D0-8D11-00A0C91BC942}") = "launcherdll", "launcherdll\launcherdll.vcxproj", "{AD97EF0A-65B8-4928-92F0-DF2281166A69}"
EndProject
Project("{8BC9CEB8-8B4A-11D0-8D11-00A0C91BC942}") = "testreader", "testreader\testreader.vcxproj", "{C1574A8C-0E13-4C40-8EEE-E8FF5BA10A40}"
EndProject
Project("{8BC9CEB8-8B4A-11D0-8D11-00A0C91BC942}") = "hellorea", "hellorea\hellorea.vcxproj", "{622004A9-A6F2-4197-9220-B20051C2C286}"
EndProject
Project("{8BC9CEB8-8B4A-11D0-8D11-00A0C91BC942}") = "SelfReplacer", "SelfReplacer\SelfReplacer.vcxproj", "{524542EF-651D-4584-9E66-C5CE190F9159}"
EndProject
Global
	GlobalSection(SolutionConfigurationPlatforms) = preSolution
		Debug|Any CPU = Debug|Any CPU
		Debug|x64 = Debug|x64
		Debug|x86 = Debug|x86
		Release|Any CPU = Release|Any CPU
		Release|x64 = Release|x64
		Release|x86 = Release|x86
	EndGlobalSection
	GlobalSection(ProjectConfigurationPlatforms) = postSolution
		{F46CEFC3-4EE0-4890-9600-A35B69AE325C}.Debug|Any CPU.ActiveCfg = Debug|Any CPU
		{F46CEFC3-4EE0-4890-9600-A35B69AE325C}.Debug|Any CPU.Build.0 = Debug|Any CPU
		{F46CEFC3-4EE0-4890-9600-A35B69AE325C}.Debug|x64.ActiveCfg = Debug|Any CPU
		{F46CEFC3-4EE0-4890-9600-A35B69AE325C}.Debug|x64.Build.0 = Debug|Any CPU
		{F46CEFC3-4EE0-4890-9600-A35B69AE325C}.Debug|x86.ActiveCfg = Debug|Any CPU
		{F46CEFC3-4EE0-4890-9600-A35B69AE325C}.Debug|x86.Build.0 = Debug|Any CPU
		{F46CEFC3-4EE0-4890-9600-A35B69AE325C}.Release|Any CPU.ActiveCfg = Release|Any CPU
		{F46CEFC3-4EE0-4890-9600-A35B69AE325C}.Release|Any CPU.Build.0 = Release|Any CPU
		{F46CEFC3-4EE0-4890-9600-A35B69AE325C}.Release|x64.ActiveCfg = Release|Any CPU
		{F46CEFC3-4EE0-4890-9600-A35B69AE325C}.Release|x64.Build.0 = Release|Any CPU
		{F46CEFC3-4EE0-4890-9600-A35B69AE325C}.Release|x86.ActiveCfg = Release|Any CPU
		{F46CEFC3-4EE0-4890-9600-A35B69AE325C}.Release|x86.Build.0 = Release|Any CPU
		{D8402A6E-63AE-4280-8D29-47E7D2283020}.Debug|Any CPU.ActiveCfg = Debug|Any CPU
		{D8402A6E-63AE-4280-8D29-47E7D2283020}.Debug|Any CPU.Build.0 = Debug|Any CPU
		{D8402A6E-63AE-4280-8D29-47E7D2283020}.Debug|x64.ActiveCfg = Debug|Any CPU
		{D8402A6E-63AE-4280-8D29-47E7D2283020}.Debug|x64.Build.0 = Debug|Any CPU
		{D8402A6E-63AE-4280-8D29-47E7D2283020}.Debug|x86.ActiveCfg = Debug|Any CPU
		{D8402A6E-63AE-4280-8D29-47E7D2283020}.Debug|x86.Build.0 = Debug|Any CPU
		{D8402A6E-63AE-4280-8D29-47E7D2283020}.Release|Any CPU.ActiveCfg = Release|Any CPU
		{D8402A6E-63AE-4280-8D29-47E7D2283020}.Release|Any CPU.Build.0 = Release|Any CPU
		{D8402A6E-63AE-4280-8D29-47E7D2283020}.Release|x64.ActiveCfg = Release|Any CPU
		{D8402A6E-63AE-4280-8D29-47E7D2283020}.Release|x64.Build.0 = Release|Any CPU
		{D8402A6E-63AE-4280-8D29-47E7D2283020}.Release|x86.ActiveCfg = Release|Any CPU
		{D8402A6E-63AE-4280-8D29-47E7D2283020}.Release|x86.Build.0 = Release|Any CPU
		{AD97EF0A-65B8-4928-92F0-DF2281166A69}.Debug|Any CPU.ActiveCfg = Debug|Win32
		{AD97EF0A-65B8-4928-92F0-DF2281166A69}.Debug|Any CPU.Build.0 = Debug|Win32
		{AD97EF0A-65B8-4928-92F0-DF2281166A69}.Debug|x64.ActiveCfg = Debug|x64
		{AD97EF0A-65B8-4928-92F0-DF2281166A69}.Debug|x64.Build.0 = Debug|x64
		{AD97EF0A-65B8-4928-92F0-DF2281166A69}.Debug|x86.ActiveCfg = Debug|Win32
		{AD97EF0A-65B8-4928-92F0-DF2281166A69}.Debug|x86.Build.0 = Debug|Win32
		{AD97EF0A-65B8-4928-92F0-DF2281166A69}.Release|Any CPU.ActiveCfg = Release|Win32
		{AD97EF0A-65B8-4928-92F0-DF2281166A69}.Release|x64.ActiveCfg = Release|x64
		{AD97EF0A-65B8-4928-92F0-DF2281166A69}.Release|x64.Build.0 = Release|x64
		{AD97EF0A-65B8-4928-92F0-DF2281166A69}.Release|x86.ActiveCfg = Release|Win32
		{AD97EF0A-65B8-4928-92F0-DF2281166A69}.Release|x86.Build.0 = Release|Win32
		{C1574A8C-0E13-4C40-8EEE-E8FF5BA10A40}.Debug|Any CPU.ActiveCfg = Debug|Win32
		{C1574A8C-0E13-4C40-8EEE-E8FF5BA10A40}.Debug|x64.ActiveCfg = Debug|x64
		{C1574A8C-0E13-4C40-8EEE-E8FF5BA10A40}.Debug|x64.Build.0 = Debug|x64
		{C1574A8C-0E13-4C40-8EEE-E8FF5BA10A40}.Debug|x86.ActiveCfg = Debug|Win32
		{C1574A8C-0E13-4C40-8EEE-E8FF5BA10A40}.Debug|x86.Build.0 = Debug|Win32
		{C1574A8C-0E13-4C40-8EEE-E8FF5BA10A40}.Release|Any CPU.ActiveCfg = Release|Win32
		{C1574A8C-0E13-4C40-8EEE-E8FF5BA10A40}.Release|x64.ActiveCfg = Release|x64
		{C1574A8C-0E13-4C40-8EEE-E8FF5BA10A40}.Release|x64.Build.0 = Release|x64
		{C1574A8C-0E13-4C40-8EEE-E8FF5BA10A40}.Release|x86.ActiveCfg = Release|Win32
		{C1574A8C-0E13-4C40-8EEE-E8FF5BA10A40}.Release|x86.Build.0 = Release|Win32
		{622004A9-A6F2-4197-9220-B20051C2C286}.Debug|Any CPU.ActiveCfg = Debug|Win32
		{622004A9-A6F2-4197-9220-B20051C2C286}.Debug|x64.ActiveCfg = Debug|x64
		{622004A9-A6F2-4197-9220-B20051C2C286}.Debug|x64.Build.0 = Debug|x64
		{622004A9-A6F2-4197-9220-B20051C2C286}.Debug|x86.ActiveCfg = Debug|Win32
		{622004A9-A6F2-4197-9220-B20051C2C286}.Debug|x86.Build.0 = Debug|Win32
		{622004A9-A6F2-4197-9220-B20051C2C286}.Release|Any CPU.ActiveCfg = Release|Win32
		{622004A9-A6F2-4197-9220-B20051C2C286}.Release|x64.ActiveCfg = Release|x64
		{622004A9-A6F2-4197-9220-B20051C2C286}.Release|x64.Build.0 = Release|x64
		{622004A9-A6F2-4197-9220-B20051C2C286}.Release|x86.ActiveCfg = Release|Win32
		{622004A9-A6F2-4197-9220-B20051C2C286}.Release|x86.Build.0 = Release|Win32
		{524542EF-651D-4584-9E66-C5CE190F9159}.Debug|Any CPU.ActiveCfg = Debug|Win32
		{524542EF-651D-4584-9E66-C5CE190F9159}.Debug|x64.ActiveCfg = Debug|x64
		{524542EF-651D-4584-9E66-C5CE190F9159}.Debug|x64.Build.0 = Debug|x64
		{524542EF-651D-4584-9E66-C5CE190F9159}.Debug|x86.ActiveCfg = Debug|Win32
		{524542EF-651D-4584-9E66-C5CE190F9159}.Debug|x86.Build.0 = Debug|Win32
		{524542EF-651D-4584-9E66-C5CE190F9159}.Release|Any CPU.ActiveCfg = Release|Win32
		{524542EF-651D-4584-9E66-C5CE190F9159}.Release|x64.ActiveCfg = Release|x64
		{524542EF-651D-4584-9E66-C5CE190F9159}.Release|x64.Build.0 = Release|x64
		{524542EF-651D-4584-9E66-C5CE190F9159}.Release|x86.ActiveCfg = Release|Win32
		{524542EF-651D-4584-9E66-C5CE190F9159}.Release|x86.Build.0 = Release|Win32
	EndGlobalSection
	GlobalSection(SolutionProperties) = preSolution
		HideSolutionNode = FALSE
	EndGlobalSection
	GlobalSection(ExtensibilityGlobals) = postSolution
		SolutionGuid = {068BD5E6-C237-43DD-85E3-878D07A34DA5}
	EndGlobalSection
EndGlobal
